
Microsoft Visual Studio Solution File, Format Version 12.00
# Visual Studio Version 16
VisualStudioVersion = 16.0.30104.148
MinimumVisualStudioVersion = 10.0.40219.1
Project("{FAE04EC0-301F-11D3-BF4B-00C04F79EFBC}") = "DynamicElementForAccordionControlInWinForm", "DynamicElementForAccordionControlInWinForm\DynamicElementForAccordionControlInWinForm.csproj", "{99D3B9ED-4E6C-4AE6-855F-C31D8B57C7EC}"
EndProject
Global
	GlobalSection(SolutionConfigurationPlatforms) = preSolution
		Debug|Any CPU = Debug|Any CPU
		Release|Any CPU = Release|Any CPU
	EndGlobalSection
	GlobalSection(ProjectConfigurationPlatforms) = postSolution
		{99D3B9ED-4E6C-4AE6-855F-C31D8B57C7EC}.Debug|Any CPU.ActiveCfg = Debug|Any CPU
		{99D3B9ED-4E6C-4AE6-855F-C31D8B57C7EC}.Debug|Any CPU.Build.0 = Debug|Any CPU
		{99D3B9ED-4E6C-4AE6-855F-C31D8B57C7EC}.Release|Any CPU.ActiveCfg = Release|Any CPU
		{99D3B9ED-4E6C-4AE6-855F-C31D8B57C7EC}.Release|Any CPU.Build.0 = Release|Any CPU
	EndGlobalSection
	GlobalSection(SolutionProperties) = preSolution
		HideSolutionNode = FALSE
	EndGlobalSection
	GlobalSection(ExtensibilityGlobals) = postSolution
		SolutionGuid = {5C1F7D10-8FB6-42A3-8162-7DE22652BD74}
	EndGlobalSection
EndGlobal
